
Microsoft Visual Studio Solution File, Format Version 12.00
# Visual Studio Version 17
VisualStudioVersion = 17.14.36414.22 d17.14
MinimumVisualStudioVersion = 10.0.40219.1
Project("{FAE04EC0-301F-11D3-BF4B-00C04F79EFBC}") = "PharmacyApp", "PharmacyApp\PharmacyApp.csproj", "{D7C3DF47-86AE-4A5B-B68D-09A9DA118E1A}"
EndProject
Global
	GlobalSection(SolutionConfigurationPlatforms) = preSolution
		Debug|Any CPU = Debug|Any CPU
		Release|Any CPU = Release|Any CPU
	EndGlobalSection
	GlobalSection(ProjectConfigurationPlatforms) = postSolution
		{D7C3DF47-86AE-4A5B-B68D-09A9DA118E1A}.Debug|Any CPU.ActiveCfg = Debug|Any CPU
		{D7C3DF47-86AE-4A5B-B68D-09A9DA118E1A}.Debug|Any CPU.Build.0 = Debug|Any CPU
		{D7C3DF47-86AE-4A5B-B68D-09A9DA118E1A}.Release|Any CPU.ActiveCfg = Release|Any CPU
		{D7C3DF47-86AE-4A5B-B68D-09A9DA118E1A}.Release|Any CPU.Build.0 = Release|Any CPU
	EndGlobalSection
	GlobalSection(SolutionProperties) = preSolution
		HideSolutionNode = FALSE
	EndGlobalSection
	GlobalSection(ExtensibilityGlobals) = postSolution
		SolutionGuid = {2E214711-48C5-4432-AB38-93C21F8FF182}
	EndGlobalSection
EndGlobal
